// !$*UTF8*$!
{
	archiveVersion = 1;
	classes = {
	};
	objectVersion = 48;
	objects = {

/* Begin PBXBuildFile section */
		62E37C4E228EF6A80075FB4E /* playground.cpp in Sources */ = {isa = PBXBuildFile; fileRef = 62E37C4D228EF6A80075FB4E /* playground.cpp */; };
/* End PBXBuildFile section */

/* Begin PBXCopyFilesBuildPhase section */
		621A24C0227B87930088DD50 /* CopyFiles */ = {
			isa = PBXCopyFilesBuildPhase;
			buildActionMask = 2147483647;
			dstPath = /usr/share/man/man1/;
			dstSubfolderSpec = 0;
			files = (
			);
			runOnlyForDeploymentPostprocessing = 1;
		};
/* End PBXCopyFilesBuildPhase section */

/* Begin PBXFileReference section */
		621A24C2227B87930088DD50 /* c++ */ = {isa = PBXFileReference; explicitFileType = "compiled.mach-o.executable"; includeInIndex = 0; path = "c++"; sourceTree = BUILT_PRODUCTS_DIR; };
		621A24C5227B87930088DD50 /* operations.cpp */ = {isa = PBXFileReference; lastKnownFileType = sourcecode.cpp.cpp; path = operations.cpp; sourceTree = "<group>"; };
		62253B22227D220200980445 /* ctci1-1.cpp */ = {isa = PBXFileReference; lastKnownFileType = sourcecode.cpp.cpp; path = "ctci1-1.cpp"; sourceTree = "<group>"; };
		62253B24227D273800980445 /* ctci1-2.cpp */ = {isa = PBXFileReference; lastKnownFileType = sourcecode.cpp.cpp; path = "ctci1-2.cpp"; sourceTree = "<group>"; };
		62253B26227E032200980445 /* ctci1-3.cpp */ = {isa = PBXFileReference; lastKnownFileType = sourcecode.cpp.cpp; path = "ctci1-3.cpp"; sourceTree = "<group>"; };
		62253B28227E0CA200980445 /* ctci1-4.cpp */ = {isa = PBXFileReference; lastKnownFileType = sourcecode.cpp.cpp; path = "ctci1-4.cpp"; sourceTree = "<group>"; };
		62253B2A227E135600980445 /* ctci1-5.cpp */ = {isa = PBXFileReference; lastKnownFileType = sourcecode.cpp.cpp; path = "ctci1-5.cpp"; sourceTree = "<group>"; };
		62253B2C227E6ECD00980445 /* ctci1-6.cpp */ = {isa = PBXFileReference; lastKnownFileType = sourcecode.cpp.cpp; path = "ctci1-6.cpp"; sourceTree = "<group>"; };
		62253B32227EC3CC00980445 /* stack_operations.cpp */ = {isa = PBXFileReference; lastKnownFileType = sourcecode.cpp.cpp; path = stack_operations.cpp; sourceTree = "<group>"; };
		62253B34227F291800980445 /* parenthesis_matching.cpp */ = {isa = PBXFileReference; lastKnownFileType = sourcecode.cpp.cpp; path = parenthesis_matching.cpp; sourceTree = "<group>"; };
		62253B36227F4D3900980445 /* queue_operations.cpp */ = {isa = PBXFileReference; lastKnownFileType = sourcecode.cpp.cpp; path = queue_operations.cpp; sourceTree = "<group>"; };
		62253B38227F4FF100980445 /* linked_list_prototype.h */ = {isa = PBXFileReference; lastKnownFileType = sourcecode.c.h; path = linked_list_prototype.h; sourceTree = "<group>"; };
		62253B3D227F84CF00980445 /* operations.cpp */ = {isa = PBXFileReference; lastKnownFileType = sourcecode.cpp.cpp; path = operations.cpp; sourceTree = "<group>"; };
		62253B412281339500980445 /* binary_tree_prototype.h */ = {isa = PBXFileReference; lastKnownFileType = sourcecode.c.h; path = binary_tree_prototype.h; sourceTree = "<group>"; };
		62253B42228133B400980445 /* operations.cpp */ = {isa = PBXFileReference; lastKnownFileType = sourcecode.cpp.cpp; path = operations.cpp; sourceTree = "<group>"; };
		62E37C4D228EF6A80075FB4E /* playground.cpp */ = {isa = PBXFileReference; lastKnownFileType = sourcecode.cpp.cpp; path = playground.cpp; sourceTree = "<group>"; };
/* End PBXFileReference section */

/* Begin PBXFrameworksBuildPhase section */
		621A24BF227B87930088DD50 /* Frameworks */ = {
			isa = PBXFrameworksBuildPhase;
			buildActionMask = 2147483647;
			files = (
			);
			runOnlyForDeploymentPostprocessing = 0;
		};
/* End PBXFrameworksBuildPhase section */

/* Begin PBXGroup section */
		621A24B9227B87930088DD50 = {
			isa = PBXGroup;
			children = (
				621A24C4227B87930088DD50 /* c++ */,
				621A24C3227B87930088DD50 /* Products */,
			);
			sourceTree = "<group>";
		};
		621A24C3227B87930088DD50 /* Products */ = {
			isa = PBXGroup;
			children = (
				621A24C2227B87930088DD50 /* c++ */,
			);
			name = Products;
			sourceTree = "<group>";
		};
		621A24C4227B87930088DD50 /* c++ */ = {
			isa = PBXGroup;
			children = (
				62253B31227EC37100980445 /* trees */,
				62253B30227EC36300980445 /* linked_lists */,
				62253B2E227EC34B00980445 /* stacks_queues */,
				62253B21227D21D400980445 /* strings */,
				621A24CC227B888C0088DD50 /* arrays */,
				62E37C4D228EF6A80075FB4E /* playground.cpp */,
			);
			path = "c++";
			sourceTree = "<group>";
		};
		621A24CC227B888C0088DD50 /* arrays */ = {
			isa = PBXGroup;
			children = (
				621A24C5227B87930088DD50 /* operations.cpp */,
			);
			path = arrays;
			sourceTree = "<group>";
		};
		62253B21227D21D400980445 /* strings */ = {
			isa = PBXGroup;
			children = (
				62253B22227D220200980445 /* ctci1-1.cpp */,
				62253B24227D273800980445 /* ctci1-2.cpp */,
				62253B26227E032200980445 /* ctci1-3.cpp */,
				62253B28227E0CA200980445 /* ctci1-4.cpp */,
				62253B2A227E135600980445 /* ctci1-5.cpp */,
				62253B2C227E6ECD00980445 /* ctci1-6.cpp */,
			);
			path = strings;
			sourceTree = "<group>";
		};
		62253B2E227EC34B00980445 /* stacks_queues */ = {
			isa = PBXGroup;
			children = (
				62253B32227EC3CC00980445 /* stack_operations.cpp */,
				62253B34227F291800980445 /* parenthesis_matching.cpp */,
				62253B36227F4D3900980445 /* queue_operations.cpp */,
			);
			path = stacks_queues;
			sourceTree = "<group>";
		};
		62253B30227EC36300980445 /* linked_lists */ = {
			isa = PBXGroup;
			children = (
				62253B38227F4FF100980445 /* linked_list_prototype.h */,
				62253B3D227F84CF00980445 /* operations.cpp */,
			);
			path = linked_lists;
			sourceTree = "<group>";
		};
		62253B31227EC37100980445 /* trees */ = {
			isa = PBXGroup;
			children = (
				62253B412281339500980445 /* binary_tree_prototype.h */,
				62253B42228133B400980445 /* operations.cpp */,
			);
			path = trees;
			sourceTree = "<group>";
		};
/* End PBXGroup section */

/* Begin PBXNativeTarget section */
		621A24C1227B87930088DD50 /* c++ */ = {
			isa = PBXNativeTarget;
			buildConfigurationList = 621A24C9227B87930088DD50 /* Build configuration list for PBXNativeTarget "c++" */;
			buildPhases = (
				621A24BE227B87930088DD50 /* Sources */,
				621A24BF227B87930088DD50 /* Frameworks */,
				621A24C0227B87930088DD50 /* CopyFiles */,
			);
			buildRules = (
			);
			dependencies = (
			);
			name = "c++";
			productName = "c++";
			productReference = 621A24C2227B87930088DD50 /* c++ */;
			productType = "com.apple.product-type.tool";
		};
/* End PBXNativeTarget section */

/* Begin PBXProject section */
		621A24BA227B87930088DD50 /* Project object */ = {
			isa = PBXProject;
			attributes = {
				LastUpgradeCheck = 0920;
				ORGANIZATIONNAME = "Thiago Ribeiro";
				TargetAttributes = {
					621A24C1227B87930088DD50 = {
						CreatedOnToolsVersion = 9.2;
						ProvisioningStyle = Automatic;
					};
				};
			};
			buildConfigurationList = 621A24BD227B87930088DD50 /* Build configuration list for PBXProject "c++" */;
			compatibilityVersion = "Xcode 8.0";
			developmentRegion = en;
			hasScannedForEncodings = 0;
			knownRegions = (
				en,
			);
			mainGroup = 621A24B9227B87930088DD50;
			productRefGroup = 621A24C3227B87930088DD50 /* Products */;
			projectDirPath = "";
			projectRoot = "";
			targets = (
				621A24C1227B87930088DD50 /* c++ */,
			);
		};
/* End PBXProject section */

/* Begin PBXSourcesBuildPhase section */
		621A24BE227B87930088DD50 /* Sources */ = {
			isa = PBXSourcesBuildPhase;
			buildActionMask = 2147483647;
			files = (
				62E37C4E228EF6A80075FB4E /* playground.cpp in Sources */,
			);
			runOnlyForDeploymentPostprocessing = 0;
		};
/* End PBXSourcesBuildPhase section */

/* Begin XCBuildConfiguration section */
		621A24C7227B87930088DD50 /* Debug */ = {
			isa = XCBuildConfiguration;
			buildSettings = {
				ALWAYS_SEARCH_USER_PATHS = NO;
				CLANG_ANALYZER_NONNULL = YES;
				CLANG_ANALYZER_NUMBER_OBJECT_CONVERSION = YES_AGGRESSIVE;
				CLANG_CXX_LANGUAGE_STANDARD = "gnu++14";
				CLANG_CXX_LIBRARY = "libc++";
				CLANG_ENABLE_MODULES = YES;
				CLANG_ENABLE_OBJC_ARC = YES;
				CLANG_WARN_BLOCK_CAPTURE_AUTORELEASING = YES;
				CLANG_WARN_BOOL_CONVERSION = YES;
				CLANG_WARN_COMMA = YES;
				CLANG_WARN_CONSTANT_CONVERSION = YES;
				CLANG_WARN_DIRECT_OBJC_ISA_USAGE = YES_ERROR;
				CLANG_WARN_DOCUMENTATION_COMMENTS = YES;
				CLANG_WARN_EMPTY_BODY = YES;
				CLANG_WARN_ENUM_CONVERSION = YES;
				CLANG_WARN_INFINITE_RECURSION = YES;
				CLANG_WARN_INT_CONVERSION = YES;
				CLANG_WARN_NON_LITERAL_NULL_CONVERSION = YES;
				CLANG_WARN_OBJC_LITERAL_CONVERSION = YES;
				CLANG_WARN_OBJC_ROOT_CLASS = YES_ERROR;
				CLANG_WARN_RANGE_LOOP_ANALYSIS = YES;
				CLANG_WARN_STRICT_PROTOTYPES = YES;
				CLANG_WARN_SUSPICIOUS_MOVE = YES;
				CLANG_WARN_UNGUARDED_AVAILABILITY = YES_AGGRESSIVE;
				CLANG_WARN_UNREACHABLE_CODE = YES;
				CLANG_WARN__DUPLICATE_METHOD_MATCH = YES;
				CODE_SIGN_IDENTITY = "-";
				COPY_PHASE_STRIP = NO;
				DEBUG_INFORMATION_FORMAT = dwarf;
				ENABLE_STRICT_OBJC_MSGSEND = YES;
				ENABLE_TESTABILITY = YES;
				GCC_C_LANGUAGE_STANDARD = gnu11;
				GCC_DYNAMIC_NO_PIC = NO;
				GCC_NO_COMMON_BLOCKS = YES;
				GCC_OPTIMIZATION_LEVEL = 0;
				GCC_PREPROCESSOR_DEFINITIONS = (
					"DEBUG=1",
					"$(inherited)",
				);
				GCC_WARN_64_TO_32_BIT_CONVERSION = YES;
				GCC_WARN_ABOUT_RETURN_TYPE = YES_ERROR;
				GCC_WARN_UNDECLARED_SELECTOR = YES;
				GCC_WARN_UNINITIALIZED_AUTOS = YES_AGGRESSIVE;
				GCC_WARN_UNUSED_FUNCTION = YES;
				GCC_WARN_UNUSED_VARIABLE = YES;
				MACOSX_DEPLOYMENT_TARGET = 10.12;
				MTL_ENABLE_DEBUG_INFO = YES;
				ONLY_ACTIVE_ARCH = YES;
				SDKROOT = macosx;
			};
			name = Debug;
		};
		621A24C8227B87930088DD50 /* Release */ = {
			isa = XCBuildConfiguration;
			buildSettings = {
				ALWAYS_SEARCH_USER_PATHS = NO;
				CLANG_ANALYZER_NONNULL = YES;
				CLANG_ANALYZER_NUMBER_OBJECT_CONVERSION = YES_AGGRESSIVE;
				CLANG_CXX_LANGUAGE_STANDARD = "gnu++14";
				CLANG_CXX_LIBRARY = "libc++";
				CLANG_ENABLE_MODULES = YES;
				CLANG_ENABLE_OBJC_ARC = YES;
				CLANG_WARN_BLOCK_CAPTURE_AUTORELEASING = YES;
				CLANG_WARN_BOOL_CONVERSION = YES;
				CLANG_WARN_COMMA = YES;
				CLANG_WARN_CONSTANT_CONVERSION = YES;
				CLANG_WARN_DIRECT_OBJC_ISA_USAGE = YES_ERROR;
				CLANG_WARN_DOCUMENTATION_COMMENTS = YES;
				CLANG_WARN_EMPTY_BODY = YES;
				CLANG_WARN_ENUM_CONVERSION = YES;
				CLANG_WARN_INFINITE_RECURSION = YES;
				CLANG_WARN_INT_CONVERSION = YES;
				CLANG_WARN_NON_LITERAL_NULL_CONVERSION = YES;
				CLANG_WARN_OBJC_LITERAL_CONVERSION = YES;
				CLANG_WARN_OBJC_ROOT_CLASS = YES_ERROR;
				CLANG_WARN_RANGE_LOOP_ANALYSIS = YES;
				CLANG_WARN_STRICT_PROTOTYPES = YES;
				CLANG_WARN_SUSPICIOUS_MOVE = YES;
				CLANG_WARN_UNGUARDED_AVAILABILITY = YES_AGGRESSIVE;
				CLANG_WARN_UNREACHABLE_CODE = YES;
				CLANG_WARN__DUPLICATE_METHOD_MATCH = YES;
				CODE_SIGN_IDENTITY = "-";
				COPY_PHASE_STRIP = NO;
				DEBUG_INFORMATION_FORMAT = "dwarf-with-dsym";
				ENABLE_NS_ASSERTIONS = NO;
				ENABLE_STRICT_OBJC_MSGSEND = YES;
				GCC_C_LANGUAGE_STANDARD = gnu11;
				GCC_NO_COMMON_BLOCKS = YES;
				GCC_WARN_64_TO_32_BIT_CONVERSION = YES;
				GCC_WARN_ABOUT_RETURN_TYPE = YES_ERROR;
				GCC_WARN_UNDECLARED_SELECTOR = YES;
				GCC_WARN_UNINITIALIZED_AUTOS = YES_AGGRESSIVE;
				GCC_WARN_UNUSED_FUNCTION = YES;
				GCC_WARN_UNUSED_VARIABLE = YES;
				MACOSX_DEPLOYMENT_TARGET = 10.12;
				MTL_ENABLE_DEBUG_INFO = NO;
				SDKROOT = macosx;
			};
			name = Release;
		};
		621A24CA227B87930088DD50 /* Debug */ = {
			isa = XCBuildConfiguration;
			buildSettings = {
				CODE_SIGN_STYLE = Automatic;
				PRODUCT_NAME = "$(TARGET_NAME)";
			};
			name = Debug;
		};
		621A24CB227B87930088DD50 /* Release */ = {
			isa = XCBuildConfiguration;
			buildSettings = {
				CODE_SIGN_STYLE = Automatic;
				PRODUCT_NAME = "$(TARGET_NAME)";
			};
			name = Release;
		};
/* End XCBuildConfiguration section */

/* Begin XCConfigurationList section */
		621A24BD227B87930088DD50 /* Build configuration list for PBXProject "c++" */ = {
			isa = XCConfigurationList;
			buildConfigurations = (
				621A24C7227B87930088DD50 /* Debug */,
				621A24C8227B87930088DD50 /* Release */,
			);
			defaultConfigurationIsVisible = 0;
			defaultConfigurationName = Release;
		};
		621A24C9227B87930088DD50 /* Build configuration list for PBXNativeTarget "c++" */ = {
			isa = XCConfigurationList;
			buildConfigurations = (
				621A24CA227B87930088DD50 /* Debug */,
				621A24CB227B87930088DD50 /* Release */,
			);
			defaultConfigurationIsVisible = 0;
			defaultConfigurationName = Release;
		};
/* End XCConfigurationList section */
	};
	rootObject = 621A24BA227B87930088DD50 /* Project object */;
}
